<?xml version="1.0" encoding="UTF-8"?>
<!DOCTYPE plist PUBLIC "-//Apple//DTD PLIST 1.0//EN" "http://www.apple.com/DTDs/PropertyList-1.0.dtd">
<plist version="1.0">
<dict>
	<key>archiveVersion</key>
	<string>1</string>
	<key>classes</key>
	<dict/>
	<key>objectVersion</key>
	<string>46</string>
	<key>objects</key>
	<dict>
		<key>0558793D98094AE3A9EF658F</key>
		<dict>
			<key>includeInIndex</key>
			<string>1</string>
			<key>isa</key>
			<string>PBXFileReference</string>
			<key>lastKnownFileType</key>
			<string>text.xcconfig</string>
			<key>name</key>
			<string>Pods-SLRESTfulCoreDataUITests.xcconfig</string>
			<key>path</key>
			<string>Pods/Pods-SLRESTfulCoreDataUITests.xcconfig</string>
			<key>sourceTree</key>
			<string>&lt;group&gt;</string>
		</dict>
		<key>0693CC5F249F48338A2CE86F</key>
		<dict>
			<key>fileRef</key>
			<string>CE3D98C28CA9410CBBE43805</string>
			<key>isa</key>
			<string>PBXBuildFile</string>
		</dict>
		<key>095E1277CF4E4DDA86976384</key>
		<dict>
			<key>includeInIndex</key>
			<string>1</string>
			<key>isa</key>
			<string>PBXFileReference</string>
			<key>lastKnownFileType</key>
			<string>text.xcconfig</string>
			<key>name</key>
			<string>Pods.xcconfig</string>
			<key>path</key>
			<string>Pods/Pods.xcconfig</string>
			<key>sourceTree</key>
			<string>&lt;group&gt;</string>
		</dict>
		<key>09E59CE66578448498FF6BE1</key>
		<dict>
			<key>fileRef</key>
			<string>9C14AC285E324D0180359ECC</string>
			<key>isa</key>
			<string>PBXBuildFile</string>
		</dict>
		<key>19B28E786FC446348A7FDF63</key>
		<dict>
			<key>buildActionMask</key>
			<string>2147483647</string>
			<key>files</key>
			<array/>
			<key>inputPaths</key>
			<array/>
			<key>isa</key>
			<string>PBXShellScriptBuildPhase</string>
			<key>name</key>
			<string>Check Pods Manifest.lock</string>
			<key>outputPaths</key>
			<array/>
			<key>runOnlyForDeploymentPostprocessing</key>
			<string>0</string>
			<key>shellPath</key>
			<string>/bin/sh</string>
			<key>shellScript</key>
			<string>diff "${PODS_ROOT}/../Podfile.lock" "${PODS_ROOT}/Manifest.lock" &gt; /dev/null
if [[ $? != 0 ]] ; then
    cat &lt;&lt; EOM
error: The sandbox is not in sync with the Podfile.lock. Run 'pod install' or update your CocoaPods installation.
EOM
    exit 1
fi
</string>
			<key>showEnvVarsInLog</key>
			<string>0</string>
		</dict>
		<key>9862E1041CD540B9B4B3A81F</key>
		<dict>
			<key>buildActionMask</key>
			<string>2147483647</string>
			<key>files</key>
			<array/>
			<key>inputPaths</key>
			<array/>
			<key>isa</key>
			<string>PBXShellScriptBuildPhase</string>
			<key>name</key>
			<string>Copy Pods Resources</string>
			<key>outputPaths</key>
			<array/>
			<key>runOnlyForDeploymentPostprocessing</key>
			<string>0</string>
			<key>shellPath</key>
			<string>/bin/sh</string>
			<key>shellScript</key>
			<string>"${SRCROOT}/Pods/Pods-resources.sh"
</string>
			<key>showEnvVarsInLog</key>
			<string>0</string>
		</dict>
		<key>9C14AC285E324D0180359ECC</key>
		<dict>
			<key>explicitFileType</key>
			<string>archive.ar</string>
			<key>includeInIndex</key>
			<string>0</string>
			<key>isa</key>
			<string>PBXFileReference</string>
			<key>path</key>
			<string>libPods-SLRESTfulCoreDataUITests.a</string>
			<key>sourceTree</key>
			<string>BUILT_PRODUCTS_DIR</string>
		</dict>
		<key>A711F0B318C082D0005A4100</key>
		<dict>
			<key>children</key>
			<array>
				<string>A711F0C518C082D0005A4100</string>
				<string>A7A3BC3018C0884B00B18031</string>
				<string>A711F0BE18C082D0005A4100</string>
				<string>A711F0BD18C082D0005A4100</string>
				<string>095E1277CF4E4DDA86976384</string>
				<string>0558793D98094AE3A9EF658F</string>
			</array>
			<key>isa</key>
			<string>PBXGroup</string>
			<key>sourceTree</key>
			<string>&lt;group&gt;</string>
		</dict>
		<key>A711F0B418C082D0005A4100</key>
		<dict>
			<key>attributes</key>
			<dict>
				<key>CLASSPREFIX</key>
				<string>SL</string>
				<key>LastUpgradeCheck</key>
				<string>0500</string>
				<key>ORGANIZATIONNAME</key>
				<string>Sparrow-Labs</string>
				<key>TargetAttributes</key>
				<dict>
					<key>A7A3BC2A18C0884B00B18031</key>
					<dict>
						<key>TestTargetID</key>
						<string>A711F0BB18C082D0005A4100</string>
					</dict>
				</dict>
			</dict>
			<key>buildConfigurationList</key>
			<string>A711F0B718C082D0005A4100</string>
			<key>compatibilityVersion</key>
			<string>Xcode 3.2</string>
			<key>developmentRegion</key>
			<string>English</string>
			<key>hasScannedForEncodings</key>
			<string>0</string>
			<key>isa</key>
			<string>PBXProject</string>
			<key>knownRegions</key>
			<array>
				<string>en</string>
			</array>
			<key>mainGroup</key>
			<string>A711F0B318C082D0005A4100</string>
			<key>productRefGroup</key>
			<string>A711F0BD18C082D0005A4100</string>
			<key>projectDirPath</key>
			<string></string>
			<key>projectReferences</key>
			<array/>
			<key>projectRoot</key>
			<string></string>
			<key>targets</key>
			<array>
				<string>A711F0BB18C082D0005A4100</string>
				<string>A7A3BC2A18C0884B00B18031</string>
			</array>
		</dict>
		<key>A711F0B718C082D0005A4100</key>
		<dict>
			<key>buildConfigurations</key>
			<array>
				<string>A711F0E618C082D0005A4100</string>
				<string>A711F0E718C082D0005A4100</string>
			</array>
			<key>defaultConfigurationIsVisible</key>
			<string>0</string>
			<key>defaultConfigurationName</key>
			<string>Release</string>
			<key>isa</key>
			<string>XCConfigurationList</string>
		</dict>
		<key>A711F0B818C082D0005A4100</key>
		<dict>
			<key>buildActionMask</key>
			<string>2147483647</string>
			<key>files</key>
			<array>
				<string>A711F0CC18C082D0005A4100</string>
				<string>A711F0D018C082D0005A4100</string>
			</array>
			<key>isa</key>
			<string>PBXSourcesBuildPhase</string>
			<key>runOnlyForDeploymentPostprocessing</key>
			<string>0</string>
		</dict>
		<key>A711F0B918C082D0005A4100</key>
		<dict>
			<key>buildActionMask</key>
			<string>2147483647</string>
			<key>files</key>
			<array>
				<string>A711F0C218C082D0005A4100</string>
				<string>A711F0C418C082D0005A4100</string>
				<string>A711F0C018C082D0005A4100</string>
				<string>0693CC5F249F48338A2CE86F</string>
			</array>
			<key>isa</key>
			<string>PBXFrameworksBuildPhase</string>
			<key>runOnlyForDeploymentPostprocessing</key>
			<string>0</string>
		</dict>
		<key>A711F0BA18C082D0005A4100</key>
		<dict>
			<key>buildActionMask</key>
			<string>2147483647</string>
			<key>files</key>
			<array>
				<string>A711F0CA18C082D0005A4100</string>
				<string>A711F0D218C082D0005A4100</string>
			</array>
			<key>isa</key>
			<string>PBXResourcesBuildPhase</string>
			<key>runOnlyForDeploymentPostprocessing</key>
			<string>0</string>
		</dict>
		<key>A711F0BB18C082D0005A4100</key>
		<dict>
			<key>buildConfigurationList</key>
			<string>A711F0E818C082D0005A4100</string>
			<key>buildPhases</key>
			<array>
				<string>EDCD03856F7D4401B8610D7A</string>
				<string>A711F0B818C082D0005A4100</string>
				<string>A711F0B918C082D0005A4100</string>
				<string>A711F0BA18C082D0005A4100</string>
				<string>9862E1041CD540B9B4B3A81F</string>
			</array>
			<key>buildRules</key>
			<array/>
			<key>dependencies</key>
			<array/>
			<key>isa</key>
			<string>PBXNativeTarget</string>
			<key>name</key>
			<string>SLRESTfulCoreDataUI</string>
			<key>productName</key>
			<string>SLRESTfulCoreDataUI</string>
			<key>productReference</key>
			<string>A711F0BC18C082D0005A4100</string>
			<key>productType</key>
			<string>com.apple.product-type.application</string>
		</dict>
		<key>A711F0BC18C082D0005A4100</key>
		<dict>
			<key>explicitFileType</key>
			<string>wrapper.application</string>
			<key>includeInIndex</key>
			<string>0</string>
			<key>isa</key>
			<string>PBXFileReference</string>
			<key>path</key>
			<string>SLRESTfulCoreDataUI.app</string>
			<key>sourceTree</key>
			<string>BUILT_PRODUCTS_DIR</string>
		</dict>
		<key>A711F0BD18C082D0005A4100</key>
		<dict>
			<key>children</key>
			<array>
				<string>A711F0BC18C082D0005A4100</string>
				<string>A7A3BC2B18C0884B00B18031</string>
			</array>
			<key>isa</key>
			<string>PBXGroup</string>
			<key>name</key>
			<string>Products</string>
			<key>sourceTree</key>
			<string>&lt;group&gt;</string>
		</dict>
		<key>A711F0BE18C082D0005A4100</key>
		<dict>
			<key>children</key>
			<array>
				<string>A711F0BF18C082D0005A4100</string>
				<string>A711F0C118C082D0005A4100</string>
				<string>A711F0C318C082D0005A4100</string>
				<string>A711F0D818C082D0005A4100</string>
				<string>CE3D98C28CA9410CBBE43805</string>
				<string>A7A3BC2C18C0884B00B18031</string>
				<string>9C14AC285E324D0180359ECC</string>
			</array>
			<key>isa</key>
			<string>PBXGroup</string>
			<key>name</key>
			<string>Frameworks</string>
			<key>sourceTree</key>
			<string>&lt;group&gt;</string>
		</dict>
		<key>A711F0BF18C082D0005A4100</key>
		<dict>
			<key>isa</key>
			<string>PBXFileReference</string>
			<key>lastKnownFileType</key>
			<string>wrapper.framework</string>
			<key>name</key>
			<string>Foundation.framework</string>
			<key>path</key>
			<string>System/Library/Frameworks/Foundation.framework</string>
			<key>sourceTree</key>
			<string>SDKROOT</string>
		</dict>
		<key>A711F0C018C082D0005A4100</key>
		<dict>
			<key>fileRef</key>
			<string>A711F0BF18C082D0005A4100</string>
			<key>isa</key>
			<string>PBXBuildFile</string>
		</dict>
		<key>A711F0C118C082D0005A4100</key>
		<dict>
			<key>isa</key>
			<string>PBXFileReference</string>
			<key>lastKnownFileType</key>
			<string>wrapper.framework</string>
			<key>name</key>
			<string>CoreGraphics.framework</string>
			<key>path</key>
			<string>System/Library/Frameworks/CoreGraphics.framework</string>
			<key>sourceTree</key>
			<string>SDKROOT</string>
		</dict>
		<key>A711F0C218C082D0005A4100</key>
		<dict>
			<key>fileRef</key>
			<string>A711F0C118C082D0005A4100</string>
			<key>isa</key>
			<string>PBXBuildFile</string>
		</dict>
		<key>A711F0C318C082D0005A4100</key>
		<dict>
			<key>isa</key>
			<string>PBXFileReference</string>
			<key>lastKnownFileType</key>
			<string>wrapper.framework</string>
			<key>name</key>
			<string>UIKit.framework</string>
			<key>path</key>
			<string>System/Library/Frameworks/UIKit.framework</string>
			<key>sourceTree</key>
			<string>SDKROOT</string>
		</dict>
		<key>A711F0C418C082D0005A4100</key>
		<dict>
			<key>fileRef</key>
			<string>A711F0C318C082D0005A4100</string>
			<key>isa</key>
			<string>PBXBuildFile</string>
		</dict>
		<key>A711F0C518C082D0005A4100</key>
		<dict>
			<key>children</key>
			<array>
				<string>A711F0CE18C082D0005A4100</string>
				<string>A711F0CF18C082D0005A4100</string>
				<string>A711F0D118C082D0005A4100</string>
				<string>A711F0C618C082D0005A4100</string>
			</array>
			<key>isa</key>
			<string>PBXGroup</string>
			<key>path</key>
			<string>SLRESTfulCoreDataUI</string>
			<key>sourceTree</key>
			<string>&lt;group&gt;</string>
		</dict>
		<key>A711F0C618C082D0005A4100</key>
		<dict>
			<key>children</key>
			<array>
				<string>A711F0C718C082D0005A4100</string>
				<string>A711F0C818C082D0005A4100</string>
				<string>A711F0CB18C082D0005A4100</string>
				<string>A711F0CD18C082D0005A4100</string>
			</array>
			<key>isa</key>
			<string>PBXGroup</string>
			<key>name</key>
			<string>Supporting Files</string>
			<key>sourceTree</key>
			<string>&lt;group&gt;</string>
		</dict>
		<key>A711F0C718C082D0005A4100</key>
		<dict>
			<key>isa</key>
			<string>PBXFileReference</string>
			<key>lastKnownFileType</key>
			<string>text.plist.xml</string>
			<key>path</key>
			<string>SLRESTfulCoreDataUI-Info.plist</string>
			<key>sourceTree</key>
			<string>&lt;group&gt;</string>
		</dict>
		<key>A711F0C818C082D0005A4100</key>
		<dict>
			<key>children</key>
			<array>
				<string>A711F0C918C082D0005A4100</string>
			</array>
			<key>isa</key>
			<string>PBXVariantGroup</string>
			<key>name</key>
			<string>InfoPlist.strings</string>
			<key>sourceTree</key>
			<string>&lt;group&gt;</string>
		</dict>
		<key>A711F0C918C082D0005A4100</key>
		<dict>
			<key>isa</key>
			<string>PBXFileReference</string>
			<key>lastKnownFileType</key>
			<string>text.plist.strings</string>
			<key>name</key>
			<string>en</string>
			<key>path</key>
			<string>en.lproj/InfoPlist.strings</string>
			<key>sourceTree</key>
			<string>&lt;group&gt;</string>
		</dict>
		<key>A711F0CA18C082D0005A4100</key>
		<dict>
			<key>fileRef</key>
			<string>A711F0C818C082D0005A4100</string>
			<key>isa</key>
			<string>PBXBuildFile</string>
		</dict>
		<key>A711F0CB18C082D0005A4100</key>
		<dict>
			<key>isa</key>
			<string>PBXFileReference</string>
			<key>lastKnownFileType</key>
			<string>sourcecode.c.objc</string>
			<key>path</key>
			<string>main.m</string>
			<key>sourceTree</key>
			<string>&lt;group&gt;</string>
		</dict>
		<key>A711F0CC18C082D0005A4100</key>
		<dict>
			<key>fileRef</key>
			<string>A711F0CB18C082D0005A4100</string>
			<key>isa</key>
			<string>PBXBuildFile</string>
		</dict>
		<key>A711F0CD18C082D0005A4100</key>
		<dict>
			<key>isa</key>
			<string>PBXFileReference</string>
			<key>lastKnownFileType</key>
			<string>sourcecode.c.h</string>
			<key>path</key>
			<string>SLRESTfulCoreDataUI-Prefix.pch</string>
			<key>sourceTree</key>
			<string>&lt;group&gt;</string>
		</dict>
		<key>A711F0CE18C082D0005A4100</key>
		<dict>
			<key>isa</key>
			<string>PBXFileReference</string>
			<key>lastKnownFileType</key>
			<string>sourcecode.c.h</string>
			<key>path</key>
			<string>SLAppDelegate.h</string>
			<key>sourceTree</key>
			<string>&lt;group&gt;</string>
		</dict>
		<key>A711F0CF18C082D0005A4100</key>
		<dict>
			<key>isa</key>
			<string>PBXFileReference</string>
			<key>lastKnownFileType</key>
			<string>sourcecode.c.objc</string>
			<key>path</key>
			<string>SLAppDelegate.m</string>
			<key>sourceTree</key>
			<string>&lt;group&gt;</string>
		</dict>
		<key>A711F0D018C082D0005A4100</key>
		<dict>
			<key>fileRef</key>
			<string>A711F0CF18C082D0005A4100</string>
			<key>isa</key>
			<string>PBXBuildFile</string>
		</dict>
		<key>A711F0D118C082D0005A4100</key>
		<dict>
			<key>isa</key>
			<string>PBXFileReference</string>
			<key>lastKnownFileType</key>
			<string>folder.assetcatalog</string>
			<key>path</key>
			<string>Images.xcassets</string>
			<key>sourceTree</key>
			<string>&lt;group&gt;</string>
		</dict>
		<key>A711F0D218C082D0005A4100</key>
		<dict>
			<key>fileRef</key>
			<string>A711F0D118C082D0005A4100</string>
			<key>isa</key>
			<string>PBXBuildFile</string>
		</dict>
		<key>A711F0D818C082D0005A4100</key>
		<dict>
			<key>isa</key>
			<string>PBXFileReference</string>
			<key>lastKnownFileType</key>
			<string>wrapper.framework</string>
			<key>name</key>
			<string>XCTest.framework</string>
			<key>path</key>
			<string>Library/Frameworks/XCTest.framework</string>
			<key>sourceTree</key>
			<string>DEVELOPER_DIR</string>
		</dict>
		<key>A711F0E618C082D0005A4100</key>
		<dict>
			<key>buildSettings</key>
			<dict>
				<key>ALWAYS_SEARCH_USER_PATHS</key>
				<string>NO</string>
				<key>ARCHS</key>
				<string>$(ARCHS_STANDARD_INCLUDING_64_BIT)</string>
				<key>CLANG_CXX_LANGUAGE_STANDARD</key>
				<string>gnu++0x</string>
				<key>CLANG_CXX_LIBRARY</key>
				<string>libc++</string>
				<key>CLANG_ENABLE_MODULES</key>
				<string>YES</string>
				<key>CLANG_ENABLE_OBJC_ARC</key>
				<string>YES</string>
				<key>CLANG_WARN_BOOL_CONVERSION</key>
				<string>YES</string>
				<key>CLANG_WARN_CONSTANT_CONVERSION</key>
				<string>YES</string>
				<key>CLANG_WARN_DIRECT_OBJC_ISA_USAGE</key>
				<string>YES_ERROR</string>
				<key>CLANG_WARN_EMPTY_BODY</key>
				<string>YES</string>
				<key>CLANG_WARN_ENUM_CONVERSION</key>
				<string>YES</string>
				<key>CLANG_WARN_INT_CONVERSION</key>
				<string>YES</string>
				<key>CLANG_WARN_OBJC_ROOT_CLASS</key>
				<string>YES_ERROR</string>
				<key>CLANG_WARN__DUPLICATE_METHOD_MATCH</key>
				<string>YES</string>
				<key>CODE_SIGN_IDENTITY[sdk=iphoneos*]</key>
				<string>iPhone Developer</string>
				<key>COPY_PHASE_STRIP</key>
				<string>NO</string>
				<key>GCC_C_LANGUAGE_STANDARD</key>
				<string>gnu99</string>
				<key>GCC_DYNAMIC_NO_PIC</key>
				<string>NO</string>
				<key>GCC_OPTIMIZATION_LEVEL</key>
				<string>0</string>
				<key>GCC_PREPROCESSOR_DEFINITIONS</key>
				<array>
					<string>DEBUG=1</string>
					<string>$(inherited)</string>
				</array>
				<key>GCC_SYMBOLS_PRIVATE_EXTERN</key>
				<string>NO</string>
				<key>GCC_WARN_64_TO_32_BIT_CONVERSION</key>
				<string>YES</string>
				<key>GCC_WARN_ABOUT_RETURN_TYPE</key>
				<string>YES_ERROR</string>
				<key>GCC_WARN_UNDECLARED_SELECTOR</key>
				<string>YES</string>
				<key>GCC_WARN_UNINITIALIZED_AUTOS</key>
				<string>YES</string>
				<key>GCC_WARN_UNUSED_FUNCTION</key>
				<string>YES</string>
				<key>GCC_WARN_UNUSED_VARIABLE</key>
				<string>YES</string>
				<key>IPHONEOS_DEPLOYMENT_TARGET</key>
				<string>7.0</string>
				<key>ONLY_ACTIVE_ARCH</key>
				<string>YES</string>
				<key>SDKROOT</key>
				<string>iphoneos</string>
			</dict>
			<key>isa</key>
			<string>XCBuildConfiguration</string>
			<key>name</key>
			<string>Debug</string>
		</dict>
		<key>A711F0E718C082D0005A4100</key>
		<dict>
			<key>buildSettings</key>
			<dict>
				<key>ALWAYS_SEARCH_USER_PATHS</key>
				<string>NO</string>
				<key>ARCHS</key>
				<string>$(ARCHS_STANDARD_INCLUDING_64_BIT)</string>
				<key>CLANG_CXX_LANGUAGE_STANDARD</key>
				<string>gnu++0x</string>
				<key>CLANG_CXX_LIBRARY</key>
				<string>libc++</string>
				<key>CLANG_ENABLE_MODULES</key>
				<string>YES</string>
				<key>CLANG_ENABLE_OBJC_ARC</key>
				<string>YES</string>
				<key>CLANG_WARN_BOOL_CONVERSION</key>
				<string>YES</string>
				<key>CLANG_WARN_CONSTANT_CONVERSION</key>
				<string>YES</string>
				<key>CLANG_WARN_DIRECT_OBJC_ISA_USAGE</key>
				<string>YES_ERROR</string>
				<key>CLANG_WARN_EMPTY_BODY</key>
				<string>YES</string>
				<key>CLANG_WARN_ENUM_CONVERSION</key>
				<string>YES</string>
				<key>CLANG_WARN_INT_CONVERSION</key>
				<string>YES</string>
				<key>CLANG_WARN_OBJC_ROOT_CLASS</key>
				<string>YES_ERROR</string>
				<key>CLANG_WARN__DUPLICATE_METHOD_MATCH</key>
				<string>YES</string>
				<key>CODE_SIGN_IDENTITY[sdk=iphoneos*]</key>
				<string>iPhone Developer</string>
				<key>COPY_PHASE_STRIP</key>
				<string>YES</string>
				<key>ENABLE_NS_ASSERTIONS</key>
				<string>NO</string>
				<key>GCC_C_LANGUAGE_STANDARD</key>
				<string>gnu99</string>
				<key>GCC_WARN_64_TO_32_BIT_CONVERSION</key>
				<string>YES</string>
				<key>GCC_WARN_ABOUT_RETURN_TYPE</key>
				<string>YES_ERROR</string>
				<key>GCC_WARN_UNDECLARED_SELECTOR</key>
				<string>YES</string>
				<key>GCC_WARN_UNINITIALIZED_AUTOS</key>
				<string>YES</string>
				<key>GCC_WARN_UNUSED_FUNCTION</key>
				<string>YES</string>
				<key>GCC_WARN_UNUSED_VARIABLE</key>
				<string>YES</string>
				<key>IPHONEOS_DEPLOYMENT_TARGET</key>
				<string>7.0</string>
				<key>SDKROOT</key>
				<string>iphoneos</string>
				<key>VALIDATE_PRODUCT</key>
				<string>YES</string>
			</dict>
			<key>isa</key>
			<string>XCBuildConfiguration</string>
			<key>name</key>
			<string>Release</string>
		</dict>
		<key>A711F0E818C082D0005A4100</key>
		<dict>
			<key>buildConfigurations</key>
			<array>
				<string>A711F0E918C082D0005A4100</string>
				<string>A711F0EA18C082D0005A4100</string>
			</array>
			<key>defaultConfigurationIsVisible</key>
			<string>0</string>
			<key>defaultConfigurationName</key>
			<string>Release</string>
			<key>isa</key>
			<string>XCConfigurationList</string>
		</dict>
		<key>A711F0E918C082D0005A4100</key>
		<dict>
			<key>baseConfigurationReference</key>
			<string>095E1277CF4E4DDA86976384</string>
			<key>buildSettings</key>
			<dict>
				<key>ASSETCATALOG_COMPILER_APPICON_NAME</key>
				<string>AppIcon</string>
				<key>ASSETCATALOG_COMPILER_LAUNCHIMAGE_NAME</key>
				<string>LaunchImage</string>
				<key>GCC_PRECOMPILE_PREFIX_HEADER</key>
				<string>YES</string>
				<key>GCC_PREFIX_HEADER</key>
				<string>SLRESTfulCoreDataUI/SLRESTfulCoreDataUI-Prefix.pch</string>
				<key>INFOPLIST_FILE</key>
				<string>SLRESTfulCoreDataUI/SLRESTfulCoreDataUI-Info.plist</string>
				<key>PRODUCT_NAME</key>
				<string>$(TARGET_NAME)</string>
				<key>WRAPPER_EXTENSION</key>
				<string>app</string>
			</dict>
			<key>isa</key>
			<string>XCBuildConfiguration</string>
			<key>name</key>
			<string>Debug</string>
		</dict>
		<key>A711F0EA18C082D0005A4100</key>
		<dict>
			<key>baseConfigurationReference</key>
			<string>095E1277CF4E4DDA86976384</string>
			<key>buildSettings</key>
			<dict>
				<key>ASSETCATALOG_COMPILER_APPICON_NAME</key>
				<string>AppIcon</string>
				<key>ASSETCATALOG_COMPILER_LAUNCHIMAGE_NAME</key>
				<string>LaunchImage</string>
				<key>GCC_PRECOMPILE_PREFIX_HEADER</key>
				<string>YES</string>
				<key>GCC_PREFIX_HEADER</key>
				<string>SLRESTfulCoreDataUI/SLRESTfulCoreDataUI-Prefix.pch</string>
				<key>INFOPLIST_FILE</key>
				<string>SLRESTfulCoreDataUI/SLRESTfulCoreDataUI-Info.plist</string>
				<key>PRODUCT_NAME</key>
				<string>$(TARGET_NAME)</string>
				<key>WRAPPER_EXTENSION</key>
				<string>app</string>
			</dict>
			<key>isa</key>
			<string>XCBuildConfiguration</string>
			<key>name</key>
			<string>Release</string>
		</dict>
		<key>A7A3BC2718C0884B00B18031</key>
		<dict>
			<key>buildActionMask</key>
			<string>2147483647</string>
			<key>files</key>
			<array>
				<string>A7A3BC3718C0884B00B18031</string>
			</array>
			<key>isa</key>
			<string>PBXSourcesBuildPhase</string>
			<key>runOnlyForDeploymentPostprocessing</key>
			<string>0</string>
		</dict>
		<key>A7A3BC2818C0884B00B18031</key>
		<dict>
			<key>buildActionMask</key>
			<string>2147483647</string>
			<key>files</key>
			<array>
				<string>A7A3BC2D18C0884B00B18031</string>
				<string>A7A3BC2F18C0884B00B18031</string>
				<string>A7A3BC2E18C0884B00B18031</string>
				<string>09E59CE66578448498FF6BE1</string>
			</array>
			<key>isa</key>
			<string>PBXFrameworksBuildPhase</string>
			<key>runOnlyForDeploymentPostprocessing</key>
			<string>0</string>
		</dict>
		<key>A7A3BC2918C0884B00B18031</key>
		<dict>
			<key>buildActionMask</key>
			<string>2147483647</string>
			<key>files</key>
			<array>
				<string>A7A3BC3518C0884B00B18031</string>
			</array>
			<key>isa</key>
			<string>PBXResourcesBuildPhase</string>
			<key>runOnlyForDeploymentPostprocessing</key>
			<string>0</string>
		</dict>
		<key>A7A3BC2A18C0884B00B18031</key>
		<dict>
			<key>buildConfigurationList</key>
			<string>A7A3BC3D18C0884B00B18031</string>
			<key>buildPhases</key>
			<array>
				<string>19B28E786FC446348A7FDF63</string>
				<string>A7A3BC2718C0884B00B18031</string>
				<string>A7A3BC2818C0884B00B18031</string>
				<string>A7A3BC2918C0884B00B18031</string>
				<string>B876BEABA79E417D911BE4B4</string>
			</array>
			<key>buildRules</key>
			<array/>
			<key>dependencies</key>
			<array>
				<string>A7A3BC3A18C0884B00B18031</string>
			</array>
			<key>isa</key>
			<string>PBXNativeTarget</string>
			<key>name</key>
			<string>SLRESTfulCoreDataUITests</string>
			<key>productName</key>
			<string>SLRESTfulCoreDataUITests</string>
			<key>productReference</key>
			<string>A7A3BC2B18C0884B00B18031</string>
			<key>productType</key>
			<string>com.apple.product-type.bundle</string>
		</dict>
		<key>A7A3BC2B18C0884B00B18031</key>
		<dict>
			<key>explicitFileType</key>
			<string>wrapper.cfbundle</string>
			<key>includeInIndex</key>
			<string>0</string>
			<key>isa</key>
			<string>PBXFileReference</string>
			<key>path</key>
			<string>SLRESTfulCoreDataUITests.octest</string>
			<key>sourceTree</key>
			<string>BUILT_PRODUCTS_DIR</string>
		</dict>
		<key>A7A3BC2C18C0884B00B18031</key>
		<dict>
			<key>isa</key>
			<string>PBXFileReference</string>
			<key>lastKnownFileType</key>
			<string>wrapper.framework</string>
			<key>name</key>
			<string>SenTestingKit.framework</string>
			<key>path</key>
			<string>Library/Frameworks/SenTestingKit.framework</string>
			<key>sourceTree</key>
			<string>DEVELOPER_DIR</string>
		</dict>
		<key>A7A3BC2D18C0884B00B18031</key>
		<dict>
			<key>fileRef</key>
			<string>A7A3BC2C18C0884B00B18031</string>
			<key>isa</key>
			<string>PBXBuildFile</string>
		</dict>
		<key>A7A3BC2E18C0884B00B18031</key>
		<dict>
			<key>fileRef</key>
			<string>A711F0BF18C082D0005A4100</string>
			<key>isa</key>
			<string>PBXBuildFile</string>
		</dict>
		<key>A7A3BC2F18C0884B00B18031</key>
		<dict>
			<key>fileRef</key>
			<string>A711F0C318C082D0005A4100</string>
			<key>isa</key>
			<string>PBXBuildFile</string>
		</dict>
		<key>A7A3BC3018C0884B00B18031</key>
		<dict>
			<key>children</key>
			<array>
				<string>A7A3BC3618C0884B00B18031</string>
				<string>A7A3BC3118C0884B00B18031</string>
			</array>
			<key>isa</key>
			<string>PBXGroup</string>
			<key>path</key>
			<string>SLRESTfulCoreDataUITests</string>
			<key>sourceTree</key>
			<string>&lt;group&gt;</string>
		</dict>
		<key>A7A3BC3118C0884B00B18031</key>
		<dict>
			<key>children</key>
			<array>
				<string>A7A3BC3218C0884B00B18031</string>
				<string>A7A3BC3318C0884B00B18031</string>
				<string>A7A3BC3818C0884B00B18031</string>
			</array>
			<key>isa</key>
			<string>PBXGroup</string>
			<key>name</key>
			<string>Supporting Files</string>
			<key>sourceTree</key>
			<string>&lt;group&gt;</string>
		</dict>
		<key>A7A3BC3218C0884B00B18031</key>
		<dict>
			<key>isa</key>
			<string>PBXFileReference</string>
			<key>lastKnownFileType</key>
			<string>text.plist.xml</string>
			<key>path</key>
			<string>SLRESTfulCoreDataUITests-Info.plist</string>
			<key>sourceTree</key>
			<string>&lt;group&gt;</string>
		</dict>
		<key>A7A3BC3318C0884B00B18031</key>
		<dict>
			<key>children</key>
			<array>
				<string>A7A3BC3418C0884B00B18031</string>
			</array>
			<key>isa</key>
			<string>PBXVariantGroup</string>
			<key>name</key>
			<string>InfoPlist.strings</string>
			<key>sourceTree</key>
			<string>&lt;group&gt;</string>
		</dict>
		<key>A7A3BC3418C0884B00B18031</key>
		<dict>
			<key>isa</key>
			<string>PBXFileReference</string>
			<key>lastKnownFileType</key>
			<string>text.plist.strings</string>
			<key>name</key>
			<string>en</string>
			<key>path</key>
			<string>en.lproj/InfoPlist.strings</string>
			<key>sourceTree</key>
			<string>&lt;group&gt;</string>
		</dict>
		<key>A7A3BC3518C0884B00B18031</key>
		<dict>
			<key>fileRef</key>
			<string>A7A3BC3318C0884B00B18031</string>
			<key>isa</key>
			<string>PBXBuildFile</string>
		</dict>
		<key>A7A3BC3618C0884B00B18031</key>
		<dict>
			<key>isa</key>
			<string>PBXFileReference</string>
			<key>lastKnownFileType</key>
			<string>sourcecode.c.objc</string>
			<key>path</key>
			<string>SLRESTfulCoreDataUITests.m</string>
			<key>sourceTree</key>
			<string>&lt;group&gt;</string>
		</dict>
		<key>A7A3BC3718C0884B00B18031</key>
		<dict>
			<key>fileRef</key>
			<string>A7A3BC3618C0884B00B18031</string>
			<key>isa</key>
			<string>PBXBuildFile</string>
		</dict>
		<key>A7A3BC3818C0884B00B18031</key>
		<dict>
			<key>isa</key>
			<string>PBXFileReference</string>
			<key>lastKnownFileType</key>
			<string>sourcecode.c.h</string>
			<key>path</key>
			<string>SLRESTfulCoreDataUITests-Prefix.pch</string>
			<key>sourceTree</key>
			<string>&lt;group&gt;</string>
		</dict>
		<key>A7A3BC3918C0884B00B18031</key>
		<dict>
			<key>containerPortal</key>
			<string>A711F0B418C082D0005A4100</string>
			<key>isa</key>
			<string>PBXContainerItemProxy</string>
			<key>proxyType</key>
			<string>1</string>
			<key>remoteGlobalIDString</key>
			<string>A711F0BB18C082D0005A4100</string>
			<key>remoteInfo</key>
			<string>SLRESTfulCoreDataUI</string>
		</dict>
		<key>A7A3BC3A18C0884B00B18031</key>
		<dict>
			<key>isa</key>
			<string>PBXTargetDependency</string>
			<key>target</key>
			<string>A711F0BB18C082D0005A4100</string>
			<key>targetProxy</key>
			<string>A7A3BC3918C0884B00B18031</string>
		</dict>
		<key>A7A3BC3B18C0884B00B18031</key>
		<dict>
			<key>baseConfigurationReference</key>
			<string>0558793D98094AE3A9EF658F</string>
			<key>buildSettings</key>
			<dict>
				<key>BUNDLE_LOADER</key>
				<string>$(BUILT_PRODUCTS_DIR)/SLRESTfulCoreDataUI.app/SLRESTfulCoreDataUI</string>
				<key>FRAMEWORK_SEARCH_PATHS</key>
				<array>
					<string>$(SDKROOT)/Developer/Library/Frameworks</string>
					<string>$(inherited)</string>
					<string>$(DEVELOPER_FRAMEWORKS_DIR)</string>
				</array>
				<key>GCC_PRECOMPILE_PREFIX_HEADER</key>
				<string>YES</string>
				<key>GCC_PREFIX_HEADER</key>
				<string>SLRESTfulCoreDataUITests/SLRESTfulCoreDataUITests-Prefix.pch</string>
				<key>GCC_PREPROCESSOR_DEFINITIONS</key>
				<array>
					<string>DEBUG=1</string>
					<string>$(inherited)</string>
				</array>
				<key>GCC_WARN_UNINITIALIZED_AUTOS</key>
				<string>YES_AGGRESSIVE</string>
				<key>INFOPLIST_FILE</key>
				<string>SLRESTfulCoreDataUITests/SLRESTfulCoreDataUITests-Info.plist</string>
				<key>IPHONEOS_DEPLOYMENT_TARGET</key>
				<string>7.1</string>
				<key>PRODUCT_NAME</key>
				<string>$(TARGET_NAME)</string>
				<key>TEST_HOST</key>
				<string>$(BUNDLE_LOADER)</string>
				<key>WRAPPER_EXTENSION</key>
				<string>octest</string>
			</dict>
			<key>isa</key>
			<string>XCBuildConfiguration</string>
			<key>name</key>
			<string>Debug</string>
		</dict>
		<key>A7A3BC3C18C0884B00B18031</key>
		<dict>
			<key>baseConfigurationReference</key>
			<string>0558793D98094AE3A9EF658F</string>
			<key>buildSettings</key>
			<dict>
				<key>BUNDLE_LOADER</key>
				<string>$(BUILT_PRODUCTS_DIR)/SLRESTfulCoreDataUI.app/SLRESTfulCoreDataUI</string>
				<key>FRAMEWORK_SEARCH_PATHS</key>
				<array>
					<string>$(SDKROOT)/Developer/Library/Frameworks</string>
					<string>$(inherited)</string>
					<string>$(DEVELOPER_FRAMEWORKS_DIR)</string>
				</array>
				<key>GCC_PRECOMPILE_PREFIX_HEADER</key>
				<string>YES</string>
				<key>GCC_PREFIX_HEADER</key>
				<string>SLRESTfulCoreDataUITests/SLRESTfulCoreDataUITests-Prefix.pch</string>
				<key>GCC_WARN_UNINITIALIZED_AUTOS</key>
				<string>YES_AGGRESSIVE</string>
				<key>INFOPLIST_FILE</key>
				<string>SLRESTfulCoreDataUITests/SLRESTfulCoreDataUITests-Info.plist</string>
				<key>IPHONEOS_DEPLOYMENT_TARGET</key>
				<string>7.1</string>
				<key>PRODUCT_NAME</key>
				<string>$(TARGET_NAME)</string>
				<key>TEST_HOST</key>
				<string>$(BUNDLE_LOADER)</string>
				<key>WRAPPER_EXTENSION</key>
				<string>octest</string>
			</dict>
			<key>isa</key>
			<string>XCBuildConfiguration</string>
			<key>name</key>
			<string>Release</string>
		</dict>
		<key>A7A3BC3D18C0884B00B18031</key>
		<dict>
			<key>buildConfigurations</key>
			<array>
				<string>A7A3BC3B18C0884B00B18031</string>
				<string>A7A3BC3C18C0884B00B18031</string>
			</array>
			<key>defaultConfigurationIsVisible</key>
			<string>0</string>
			<key>isa</key>
			<string>XCConfigurationList</string>
		</dict>
		<key>B876BEABA79E417D911BE4B4</key>
		<dict>
			<key>buildActionMask</key>
			<string>2147483647</string>
			<key>files</key>
			<array/>
			<key>inputPaths</key>
			<array/>
			<key>isa</key>
			<string>PBXShellScriptBuildPhase</string>
			<key>name</key>
			<string>Copy Pods Resources</string>
			<key>outputPaths</key>
			<array/>
			<key>runOnlyForDeploymentPostprocessing</key>
			<string>0</string>
			<key>shellPath</key>
			<string>/bin/sh</string>
			<key>shellScript</key>
			<string>"${SRCROOT}/Pods/Pods-SLRESTfulCoreDataUITests-resources.sh"
</string>
			<key>showEnvVarsInLog</key>
			<string>0</string>
		</dict>
		<key>CE3D98C28CA9410CBBE43805</key>
		<dict>
			<key>explicitFileType</key>
			<string>archive.ar</string>
			<key>includeInIndex</key>
			<string>0</string>
			<key>isa</key>
			<string>PBXFileReference</string>
			<key>path</key>
			<string>libPods.a</string>
			<key>sourceTree</key>
			<string>BUILT_PRODUCTS_DIR</string>
		</dict>
		<key>EDCD03856F7D4401B8610D7A</key>
		<dict>
			<key>buildActionMask</key>
			<string>2147483647</string>
			<key>files</key>
			<array/>
			<key>inputPaths</key>
			<array/>
			<key>isa</key>
			<string>PBXShellScriptBuildPhase</string>
			<key>name</key>
			<string>Check Pods Manifest.lock</string>
			<key>outputPaths</key>
			<array/>
			<key>runOnlyForDeploymentPostprocessing</key>
			<string>0</string>
			<key>shellPath</key>
			<string>/bin/sh</string>
			<key>shellScript</key>
			<string>diff "${PODS_ROOT}/../Podfile.lock" "${PODS_ROOT}/Manifest.lock" &gt; /dev/null
if [[ $? != 0 ]] ; then
    cat &lt;&lt; EOM
error: The sandbox is not in sync with the Podfile.lock. Run 'pod install' or update your CocoaPods installation.
EOM
    exit 1
fi
</string>
			<key>showEnvVarsInLog</key>
			<string>0</string>
		</dict>
	</dict>
	<key>rootObject</key>
	<string>A711F0B418C082D0005A4100</string>
</dict>
</plist>
